
Microsoft Visual Studio Solution File, Format Version 12.00
# Visual Studio 15
VisualStudioVersion = 15.0.27130.2027
MinimumVisualStudioVersion = 10.0.40219.1
Project("{FAE04EC0-301F-11D3-BF4B-00C04F79EFBC}") = "4_7 Immutable", "4_7 Immutable.csproj", "{648F4AC6-BE0C-406E-9EA3-7248BF8C5E38}"
EndProject
Global
	GlobalSection(SolutionConfigurationPlatforms) = preSolution
		Debug|Any CPU = Debug|Any CPU
		Release|Any CPU = Release|Any CPU
	EndGlobalSection
	GlobalSection(ProjectConfigurationPlatforms) = postSolution
		{648F4AC6-BE0C-406E-9EA3-7248BF8C5E38}.Debug|Any CPU.ActiveCfg = Debug|Any CPU
		{648F4AC6-BE0C-406E-9EA3-7248BF8C5E38}.Debug|Any CPU.Build.0 = Debug|Any CPU
		{648F4AC6-BE0C-406E-9EA3-7248BF8C5E38}.Release|Any CPU.ActiveCfg = Release|Any CPU
		{648F4AC6-BE0C-406E-9EA3-7248BF8C5E38}.Release|Any CPU.Build.0 = Release|Any CPU
	EndGlobalSection
	GlobalSection(SolutionProperties) = preSolution
		HideSolutionNode = FALSE
	EndGlobalSection
	GlobalSection(ExtensibilityGlobals) = postSolution
		SolutionGuid = {DE1F1C00-151A-4C73-96AE-F570C2EDFFCF}
	EndGlobalSection
EndGlobal
