
Microsoft Visual Studio Solution File, Format Version 12.00
# Visual Studio 15
VisualStudioVersion = 15.0.27130.2027
MinimumVisualStudioVersion = 10.0.40219.1
Project("{FAE04EC0-301F-11D3-BF4B-00C04F79EFBC}") = "4_5 Parametry metody Ref Out", "4_5 Parametry metody Ref Out.csproj", "{877069D8-6A66-43FD-A5E5-E90D9BF67ECE}"
EndProject
Global
	GlobalSection(SolutionConfigurationPlatforms) = preSolution
		Debug|Any CPU = Debug|Any CPU
		Release|Any CPU = Release|Any CPU
	EndGlobalSection
	GlobalSection(ProjectConfigurationPlatforms) = postSolution
		{877069D8-6A66-43FD-A5E5-E90D9BF67ECE}.Debug|Any CPU.ActiveCfg = Debug|Any CPU
		{877069D8-6A66-43FD-A5E5-E90D9BF67ECE}.Debug|Any CPU.Build.0 = Debug|Any CPU
		{877069D8-6A66-43FD-A5E5-E90D9BF67ECE}.Release|Any CPU.ActiveCfg = Release|Any CPU
		{877069D8-6A66-43FD-A5E5-E90D9BF67ECE}.Release|Any CPU.Build.0 = Release|Any CPU
	EndGlobalSection
	GlobalSection(SolutionProperties) = preSolution
		HideSolutionNode = FALSE
	EndGlobalSection
	GlobalSection(ExtensibilityGlobals) = postSolution
		SolutionGuid = {301B862E-B8F3-485B-B5B4-DC62243A8AA7}
	EndGlobalSection
EndGlobal
