
Microsoft Visual Studio Solution File, Format Version 12.00
# Visual Studio 15
VisualStudioVersion = 15.0.27130.2027
MinimumVisualStudioVersion = 10.0.40219.1
Project("{FAE04EC0-301F-11D3-BF4B-00C04F79EFBC}") = "4_9 Projekt", "4_9 Projekt.csproj", "{D5DA5947-F2E3-4AB7-BDC0-1172AEE5F359}"
EndProject
Project("{FAE04EC0-301F-11D3-BF4B-00C04F79EFBC}") = "4_9 UnitTests", "..\4_9 UnitTests\4_9 UnitTests.csproj", "{F898789F-B45D-4A8F-BECF-93E51F232009}"
EndProject
Global
	GlobalSection(SolutionConfigurationPlatforms) = preSolution
		Debug|Any CPU = Debug|Any CPU
		Release|Any CPU = Release|Any CPU
	EndGlobalSection
	GlobalSection(ProjectConfigurationPlatforms) = postSolution
		{D5DA5947-F2E3-4AB7-BDC0-1172AEE5F359}.Debug|Any CPU.ActiveCfg = Debug|Any CPU
		{D5DA5947-F2E3-4AB7-BDC0-1172AEE5F359}.Debug|Any CPU.Build.0 = Debug|Any CPU
		{D5DA5947-F2E3-4AB7-BDC0-1172AEE5F359}.Release|Any CPU.ActiveCfg = Release|Any CPU
		{D5DA5947-F2E3-4AB7-BDC0-1172AEE5F359}.Release|Any CPU.Build.0 = Release|Any CPU
		{F898789F-B45D-4A8F-BECF-93E51F232009}.Debug|Any CPU.ActiveCfg = Debug|Any CPU
		{F898789F-B45D-4A8F-BECF-93E51F232009}.Debug|Any CPU.Build.0 = Debug|Any CPU
		{F898789F-B45D-4A8F-BECF-93E51F232009}.Release|Any CPU.ActiveCfg = Release|Any CPU
		{F898789F-B45D-4A8F-BECF-93E51F232009}.Release|Any CPU.Build.0 = Release|Any CPU
	EndGlobalSection
	GlobalSection(SolutionProperties) = preSolution
		HideSolutionNode = FALSE
	EndGlobalSection
	GlobalSection(ExtensibilityGlobals) = postSolution
		SolutionGuid = {B5370FCC-62BC-4367-9B29-0AC743E6D27B}
	EndGlobalSection
EndGlobal
