
Microsoft Visual Studio Solution File, Format Version 12.00
# Visual Studio Version 17
VisualStudioVersion = 17.14.36705.20 d17.14
MinimumVisualStudioVersion = 10.0.40219.1
Project("{FAE04EC0-301F-11D3-BF4B-00C04F79EFBC}") = "TrainingSyntaxApp", "TrainingSyntaxApp.csproj", "{79B97108-E1B4-4D70-8C07-BC06931DA66D}"
EndProject
Global
	GlobalSection(SolutionConfigurationPlatforms) = preSolution
		Debug|Any CPU = Debug|Any CPU
		Release|Any CPU = Release|Any CPU
	EndGlobalSection
	GlobalSection(ProjectConfigurationPlatforms) = postSolution
		{79B97108-E1B4-4D70-8C07-BC06931DA66D}.Debug|Any CPU.ActiveCfg = Debug|Any CPU
		{79B97108-E1B4-4D70-8C07-BC06931DA66D}.Debug|Any CPU.Build.0 = Debug|Any CPU
		{79B97108-E1B4-4D70-8C07-BC06931DA66D}.Release|Any CPU.ActiveCfg = Release|Any CPU
		{79B97108-E1B4-4D70-8C07-BC06931DA66D}.Release|Any CPU.Build.0 = Release|Any CPU
	EndGlobalSection
	GlobalSection(SolutionProperties) = preSolution
		HideSolutionNode = FALSE
	EndGlobalSection
	GlobalSection(ExtensibilityGlobals) = postSolution
		SolutionGuid = {92F57885-1672-4086-B7A6-D6CD6340A944}
	EndGlobalSection
EndGlobal
