
Microsoft Visual Studio Solution File, Format Version 12.00
# Visual Studio Version 17
VisualStudioVersion = 17.14.36705.20 d17.14
MinimumVisualStudioVersion = 10.0.40219.1
Project("{FAE04EC0-301F-11D3-BF4B-00C04F79EFBC}") = "CyberpunkCalculator", "CyberpunkCalculator.csproj", "{69E63F28-15A1-4D13-B627-4CECF5C11187}"
EndProject
Global
	GlobalSection(SolutionConfigurationPlatforms) = preSolution
		Debug|Any CPU = Debug|Any CPU
		Release|Any CPU = Release|Any CPU
	EndGlobalSection
	GlobalSection(ProjectConfigurationPlatforms) = postSolution
		{69E63F28-15A1-4D13-B627-4CECF5C11187}.Debug|Any CPU.ActiveCfg = Debug|Any CPU
		{69E63F28-15A1-4D13-B627-4CECF5C11187}.Debug|Any CPU.Build.0 = Debug|Any CPU
		{69E63F28-15A1-4D13-B627-4CECF5C11187}.Release|Any CPU.ActiveCfg = Release|Any CPU
		{69E63F28-15A1-4D13-B627-4CECF5C11187}.Release|Any CPU.Build.0 = Release|Any CPU
	EndGlobalSection
	GlobalSection(SolutionProperties) = preSolution
		HideSolutionNode = FALSE
	EndGlobalSection
	GlobalSection(ExtensibilityGlobals) = postSolution
		SolutionGuid = {2BE8C5DE-A2F8-454A-B4AA-703B778E6A41}
	EndGlobalSection
EndGlobal
