
Microsoft Visual Studio Solution File, Format Version 12.00
# Visual Studio 15
VisualStudioVersion = 15.0.27130.2027
MinimumVisualStudioVersion = 10.0.40219.1
Project("{FAE04EC0-301F-11D3-BF4B-00C04F79EFBC}") = "6_5 Klasy_Abstrakcyjne", "6_5 Klasy_Abstrakcyjne.csproj", "{2EFCEC1B-638E-4845-8D81-95030B98DA8F}"
EndProject
Global
	GlobalSection(SolutionConfigurationPlatforms) = preSolution
		Debug|Any CPU = Debug|Any CPU
		Release|Any CPU = Release|Any CPU
	EndGlobalSection
	GlobalSection(ProjectConfigurationPlatforms) = postSolution
		{2EFCEC1B-638E-4845-8D81-95030B98DA8F}.Debug|Any CPU.ActiveCfg = Debug|Any CPU
		{2EFCEC1B-638E-4845-8D81-95030B98DA8F}.Debug|Any CPU.Build.0 = Debug|Any CPU
		{2EFCEC1B-638E-4845-8D81-95030B98DA8F}.Release|Any CPU.ActiveCfg = Release|Any CPU
		{2EFCEC1B-638E-4845-8D81-95030B98DA8F}.Release|Any CPU.Build.0 = Release|Any CPU
	EndGlobalSection
	GlobalSection(SolutionProperties) = preSolution
		HideSolutionNode = FALSE
	EndGlobalSection
	GlobalSection(ExtensibilityGlobals) = postSolution
		SolutionGuid = {D3B56651-E6E3-4F4B-AD66-0E75129BC23E}
	EndGlobalSection
EndGlobal
