
Microsoft Visual Studio Solution File, Format Version 12.00
# Visual Studio 15
VisualStudioVersion = 15.0.27130.2027
MinimumVisualStudioVersion = 10.0.40219.1
Project("{FAE04EC0-301F-11D3-BF4B-00C04F79EFBC}") = "4_2 Typy referencyjne", "4_2 Typy referencyjne.csproj", "{7ECAFC39-1F22-481D-812B-5EF382903A29}"
EndProject
Global
	GlobalSection(SolutionConfigurationPlatforms) = preSolution
		Debug|Any CPU = Debug|Any CPU
		Release|Any CPU = Release|Any CPU
	EndGlobalSection
	GlobalSection(ProjectConfigurationPlatforms) = postSolution
		{7ECAFC39-1F22-481D-812B-5EF382903A29}.Debug|Any CPU.ActiveCfg = Debug|Any CPU
		{7ECAFC39-1F22-481D-812B-5EF382903A29}.Debug|Any CPU.Build.0 = Debug|Any CPU
		{7ECAFC39-1F22-481D-812B-5EF382903A29}.Release|Any CPU.ActiveCfg = Release|Any CPU
		{7ECAFC39-1F22-481D-812B-5EF382903A29}.Release|Any CPU.Build.0 = Release|Any CPU
	EndGlobalSection
	GlobalSection(SolutionProperties) = preSolution
		HideSolutionNode = FALSE
	EndGlobalSection
	GlobalSection(ExtensibilityGlobals) = postSolution
		SolutionGuid = {905466FC-994D-421D-8141-F10395FD1E64}
	EndGlobalSection
EndGlobal
